
Microsoft Visual Studio Solution File, Format Version 12.00
# Visual Studio 14
VisualStudioVersion = 14.0.25420.1
MinimumVisualStudioVersion = 10.0.40219.1
Project("{FAE04EC0-301F-11D3-BF4B-00C04F79EFBC}") = "RWS", "RWS\RWS.csproj", "{B7E7E39D-B6A6-4EE6-A932-34653BC06692}"
EndProject
Project("{FAE04EC0-301F-11D3-BF4B-00C04F79EFBC}") = "RWCF", "RWCF\RWCF.csproj", "{1BA69867-4361-41F1-BB02-AA55E3184056}"
EndProject
Global
	GlobalSection(SolutionConfigurationPlatforms) = preSolution
		Debug|Any CPU = Debug|Any CPU
		Release|Any CPU = Release|Any CPU
	EndGlobalSection
	GlobalSection(ProjectConfigurationPlatforms) = postSolution
		{B7E7E39D-B6A6-4EE6-A932-34653BC06692}.Debug|Any CPU.ActiveCfg = Debug|Any CPU
		{B7E7E39D-B6A6-4EE6-A932-34653BC06692}.Debug|Any CPU.Build.0 = Debug|Any CPU
		{B7E7E39D-B6A6-4EE6-A932-34653BC06692}.Release|Any CPU.ActiveCfg = Release|Any CPU
		{B7E7E39D-B6A6-4EE6-A932-34653BC06692}.Release|Any CPU.Build.0 = Release|Any CPU
		{1BA69867-4361-41F1-BB02-AA55E3184056}.Debug|Any CPU.ActiveCfg = Debug|Any CPU
		{1BA69867-4361-41F1-BB02-AA55E3184056}.Debug|Any CPU.Build.0 = Debug|Any CPU
		{1BA69867-4361-41F1-BB02-AA55E3184056}.Release|Any CPU.ActiveCfg = Release|Any CPU
		{1BA69867-4361-41F1-BB02-AA55E3184056}.Release|Any CPU.Build.0 = Release|Any CPU
	EndGlobalSection
	GlobalSection(SolutionProperties) = preSolution
		HideSolutionNode = FALSE
	EndGlobalSection
EndGlobal
